
Microsoft Visual Studio Solution File, Format Version 12.00
# Visual Studio Version 17
VisualStudioVersion = 17.0.31903.59
MinimumVisualStudioVersion = 10.0.40219.1
Project("{FAE04EC0-301F-11D3-BF4B-00C04F79EFBC}") = "Ae.Api", "Ae.Api\Ae.Api.csproj", "{B20AF30F-BE91-4BC3-A7DE-C43A99148231}"
EndProject
Project("{FAE04EC0-301F-11D3-BF4B-00C04F79EFBC}") = "Ae.Infrastructure", "Ae.Infrastructure\Ae.Infrastructure.csproj", "{E9893084-465F-416B-82F6-FC8F6FCA2300}"
EndProject
Project("{FAE04EC0-301F-11D3-BF4B-00C04F79EFBC}") = "Ae.Domain", "Ae.Domain\Ae.Domain.csproj", "{3F7A842A-CE64-4AA2-BD86-46AC1D4A8318}"
EndProject
Project("{FAE04EC0-301F-11D3-BF4B-00C04F79EFBC}") = "Ae.Service", "Ae.Service\Ae.Service.csproj", "{BE3BE22E-95DE-4FA9-905A-81D6C51C32FC}"
EndProject
Project("{FAE04EC0-301F-11D3-BF4B-00C04F79EFBC}") = "Ae.Test", "Ae.Test\Ae.Test.csproj", "{D680B81A-DC15-4BDB-8C10-F82C8CD32717}"
EndProject
Global
	GlobalSection(SolutionConfigurationPlatforms) = preSolution
		Debug|Any CPU = Debug|Any CPU
		Release|Any CPU = Release|Any CPU
	EndGlobalSection
	GlobalSection(SolutionProperties) = preSolution
		HideSolutionNode = FALSE
	EndGlobalSection
	GlobalSection(ProjectConfigurationPlatforms) = postSolution
		{B20AF30F-BE91-4BC3-A7DE-C43A99148231}.Debug|Any CPU.ActiveCfg = Debug|Any CPU
		{B20AF30F-BE91-4BC3-A7DE-C43A99148231}.Debug|Any CPU.Build.0 = Debug|Any CPU
		{B20AF30F-BE91-4BC3-A7DE-C43A99148231}.Release|Any CPU.ActiveCfg = Release|Any CPU
		{B20AF30F-BE91-4BC3-A7DE-C43A99148231}.Release|Any CPU.Build.0 = Release|Any CPU
		{E9893084-465F-416B-82F6-FC8F6FCA2300}.Debug|Any CPU.ActiveCfg = Debug|Any CPU
		{E9893084-465F-416B-82F6-FC8F6FCA2300}.Debug|Any CPU.Build.0 = Debug|Any CPU
		{E9893084-465F-416B-82F6-FC8F6FCA2300}.Release|Any CPU.ActiveCfg = Release|Any CPU
		{E9893084-465F-416B-82F6-FC8F6FCA2300}.Release|Any CPU.Build.0 = Release|Any CPU
		{3F7A842A-CE64-4AA2-BD86-46AC1D4A8318}.Debug|Any CPU.ActiveCfg = Debug|Any CPU
		{3F7A842A-CE64-4AA2-BD86-46AC1D4A8318}.Debug|Any CPU.Build.0 = Debug|Any CPU
		{3F7A842A-CE64-4AA2-BD86-46AC1D4A8318}.Release|Any CPU.ActiveCfg = Release|Any CPU
		{3F7A842A-CE64-4AA2-BD86-46AC1D4A8318}.Release|Any CPU.Build.0 = Release|Any CPU
		{BE3BE22E-95DE-4FA9-905A-81D6C51C32FC}.Debug|Any CPU.ActiveCfg = Debug|Any CPU
		{BE3BE22E-95DE-4FA9-905A-81D6C51C32FC}.Debug|Any CPU.Build.0 = Debug|Any CPU
		{BE3BE22E-95DE-4FA9-905A-81D6C51C32FC}.Release|Any CPU.ActiveCfg = Release|Any CPU
		{BE3BE22E-95DE-4FA9-905A-81D6C51C32FC}.Release|Any CPU.Build.0 = Release|Any CPU
		{D680B81A-DC15-4BDB-8C10-F82C8CD32717}.Debug|Any CPU.ActiveCfg = Debug|Any CPU
		{D680B81A-DC15-4BDB-8C10-F82C8CD32717}.Debug|Any CPU.Build.0 = Debug|Any CPU
		{D680B81A-DC15-4BDB-8C10-F82C8CD32717}.Release|Any CPU.ActiveCfg = Release|Any CPU
		{D680B81A-DC15-4BDB-8C10-F82C8CD32717}.Release|Any CPU.Build.0 = Release|Any CPU
	EndGlobalSection
EndGlobal
